
Microsoft Visual Studio Solution File, Format Version 12.00
# Visual Studio Version 17
VisualStudioVersion = 17.5.002.0
MinimumVisualStudioVersion = 10.0.40219.1
Project("{9A19103F-16F7-4668-BE54-9A1E7A4F7556}") = "RentalCar", "RentalCar\RentalCar.csproj", "{75440456-55D9-48DB-8FA4-F5BD5004308B}"
EndProject
Project("{2150E333-8FDC-42A3-9474-1A3956D46DE8}") = "Models", "Models", "{1E94C21D-2D6E-4A94-A114-0DA614E26227}"
EndProject
Project("{2150E333-8FDC-42A3-9474-1A3956D46DE8}") = "Tests", "Tests", "{B50BD426-1B2E-4D70-9512-980DEF67B066}"
	ProjectSection(SolutionItems) = preProject
		RentalCar.Tests\RentalCar.Tests.csproj = RentalCar.Tests\RentalCar.Tests.csproj
		RentalCar.Tests\RentalCarTests.cs = RentalCar.Tests\RentalCarTests.cs
		RentalCar.Tests\UnitTest1.cs = RentalCar.Tests\UnitTest1.cs
	EndProjectSection
EndProject
Global
	GlobalSection(SolutionConfigurationPlatforms) = preSolution
		Debug|Any CPU = Debug|Any CPU
		Release|Any CPU = Release|Any CPU
	EndGlobalSection
	GlobalSection(ProjectConfigurationPlatforms) = postSolution
		{75440456-55D9-48DB-8FA4-F5BD5004308B}.Debug|Any CPU.ActiveCfg = Debug|Any CPU
		{75440456-55D9-48DB-8FA4-F5BD5004308B}.Debug|Any CPU.Build.0 = Debug|Any CPU
		{75440456-55D9-48DB-8FA4-F5BD5004308B}.Release|Any CPU.ActiveCfg = Release|Any CPU
		{75440456-55D9-48DB-8FA4-F5BD5004308B}.Release|Any CPU.Build.0 = Release|Any CPU
	EndGlobalSection
	GlobalSection(SolutionProperties) = preSolution
		HideSolutionNode = FALSE
	EndGlobalSection
	GlobalSection(NestedProjects) = preSolution
		{75440456-55D9-48DB-8FA4-F5BD5004308B} = {1E94C21D-2D6E-4A94-A114-0DA614E26227}
	EndGlobalSection
	GlobalSection(ExtensibilityGlobals) = postSolution
		SolutionGuid = {A80FA496-1CF6-45B7-84C0-F7717E86FF72}
	EndGlobalSection
EndGlobal
